
Microsoft Visual Studio Solution File, Format Version 12.00
# Visual Studio Version 17
VisualStudioVersion = 17.5.33530.505
MinimumVisualStudioVersion = 10.0.40219.1
Project("{FAE04EC0-301F-11D3-BF4B-00C04F79EFBC}") = "POO", "POO\POO.csproj", "{ECC13F40-44B0-44DD-8B35-5E63C982EFA5}"
EndProject
Project("{FAE04EC0-301F-11D3-BF4B-00C04F79EFBC}") = "Carteira", "ProjetoOrientadoObjeto\Carteira.csproj", "{26B1DC77-31FB-4CF3-927C-9C482B3C9B50}"
EndProject
Global
	GlobalSection(SolutionConfigurationPlatforms) = preSolution
		Debug|Any CPU = Debug|Any CPU
		Release|Any CPU = Release|Any CPU
	EndGlobalSection
	GlobalSection(ProjectConfigurationPlatforms) = postSolution
		{ECC13F40-44B0-44DD-8B35-5E63C982EFA5}.Debug|Any CPU.ActiveCfg = Debug|Any CPU
		{ECC13F40-44B0-44DD-8B35-5E63C982EFA5}.Debug|Any CPU.Build.0 = Debug|Any CPU
		{ECC13F40-44B0-44DD-8B35-5E63C982EFA5}.Release|Any CPU.ActiveCfg = Release|Any CPU
		{ECC13F40-44B0-44DD-8B35-5E63C982EFA5}.Release|Any CPU.Build.0 = Release|Any CPU
		{26B1DC77-31FB-4CF3-927C-9C482B3C9B50}.Debug|Any CPU.ActiveCfg = Debug|Any CPU
		{26B1DC77-31FB-4CF3-927C-9C482B3C9B50}.Debug|Any CPU.Build.0 = Debug|Any CPU
		{26B1DC77-31FB-4CF3-927C-9C482B3C9B50}.Release|Any CPU.ActiveCfg = Release|Any CPU
		{26B1DC77-31FB-4CF3-927C-9C482B3C9B50}.Release|Any CPU.Build.0 = Release|Any CPU
	EndGlobalSection
	GlobalSection(SolutionProperties) = preSolution
		HideSolutionNode = FALSE
	EndGlobalSection
	GlobalSection(ExtensibilityGlobals) = postSolution
		SolutionGuid = {052AFCFA-A9FB-4E83-8DE3-5B8D5AF357E2}
	EndGlobalSection
EndGlobal
